# This file is automatically generated by Poetry and should not be changed by hand.
# This is a placeholder - Poetry will generate the actual lock file when dependencies are installed

[[package]]
name = "placeholder"
version = "0.0.0"
description = "Placeholder for Poetry lock file"
category = "main"
optional = false
python-versions = "*"

[metadata]
lock-version = "2.0"
python-versions = "^3.11"
content-hash = "placeholder"